
Microsoft Visual Studio Solution File, Format Version 12.00
# Visual Studio Version 17
VisualStudioVersion = 17.11.35222.181
MinimumVisualStudioVersion = 10.0.40219.1
Project("{FAE04EC0-301F-11D3-BF4B-00C04F79EFBC}") = "ThreadHaven", "ThreadHaven\ThreadHaven.csproj", "{67C87CFF-C545-49C0-872F-E6602D5AFFD6}"
EndProject
Global
	GlobalSection(SolutionConfigurationPlatforms) = preSolution
		Debug|Any CPU = Debug|Any CPU
		Release|Any CPU = Release|Any CPU
	EndGlobalSection
	GlobalSection(ProjectConfigurationPlatforms) = postSolution
		{67C87CFF-C545-49C0-872F-E6602D5AFFD6}.Debug|Any CPU.ActiveCfg = Debug|Any CPU
		{67C87CFF-C545-49C0-872F-E6602D5AFFD6}.Debug|Any CPU.Build.0 = Debug|Any CPU
		{67C87CFF-C545-49C0-872F-E6602D5AFFD6}.Release|Any CPU.ActiveCfg = Release|Any CPU
		{67C87CFF-C545-49C0-872F-E6602D5AFFD6}.Release|Any CPU.Build.0 = Release|Any CPU
	EndGlobalSection
	GlobalSection(SolutionProperties) = preSolution
		HideSolutionNode = FALSE
	EndGlobalSection
	GlobalSection(ExtensibilityGlobals) = postSolution
		SolutionGuid = {0B221F94-02E7-4AD7-B455-E4C94F7FD1CD}
	EndGlobalSection
EndGlobal
